
Microsoft Visual Studio Solution File, Format Version 12.00
# Visual Studio Version 17
VisualStudioVersion = 17.1.32228.430
MinimumVisualStudioVersion = 10.0.40219.1
Project("{FAE04EC0-301F-11D3-BF4B-00C04F79EFBC}") = "CL.WebApi", "CL.WebApi\CL.WebApi.csproj", "{00F30361-DCB1-4E4A-9E8D-6BC339ACFCE4}"
EndProject
Project("{2150E333-8FDC-42A3-9474-1A3956D46DE8}") = "01.CL.WebApi", "01.CL.WebApi", "{66DAF7D3-298E-4F93-A859-43F85FC57786}"
EndProject
Project("{2150E333-8FDC-42A3-9474-1A3956D46DE8}") = "02.CL.Manager", "02.CL.Manager", "{E9448987-5B8D-4CF7-83FC-42502F627169}"
EndProject
Project("{2150E333-8FDC-42A3-9474-1A3956D46DE8}") = "03.CL.Data", "03.CL.Data", "{9B3D5992-E2E6-4881-8584-A95BC8B5BCC0}"
EndProject
Project("{2150E333-8FDC-42A3-9474-1A3956D46DE8}") = "04.CL.Core", "04.CL.Core", "{741AEA85-4AC0-4000-864D-9D68131DCE8A}"
EndProject
Project("{2150E333-8FDC-42A3-9474-1A3956D46DE8}") = "05CL.Tests", "05CL.Tests", "{176D7FF7-0B35-45AA-B2BB-7C0D6EF341A6}"
EndProject
Project("{FAE04EC0-301F-11D3-BF4B-00C04F79EFBC}") = "CL.Manager", "CL.Manager\CL.Manager.csproj", "{83E87ADA-A863-46D1-9008-90DE06F7B4A7}"
EndProject
Project("{FAE04EC0-301F-11D3-BF4B-00C04F79EFBC}") = "CL.Data", "CL.Data\CL.Data.csproj", "{E5DFA019-3E63-492B-9C0C-8661A23AE7FE}"
EndProject
Project("{FAE04EC0-301F-11D3-BF4B-00C04F79EFBC}") = "CL.Core", "CL.Core\CL.Core.csproj", "{3B1A0F7A-05FE-4915-87F0-10BE4A78E7B9}"
EndProject
Project("{FAE04EC0-301F-11D3-BF4B-00C04F79EFBC}") = "CL.Tests", "CL.Tests\CL.Tests.csproj", "{2EF39BD0-FB0B-486F-BC7B-5DD3DF5BE7D1}"
EndProject
Global
	GlobalSection(SolutionConfigurationPlatforms) = preSolution
		Debug|Any CPU = Debug|Any CPU
		Release|Any CPU = Release|Any CPU
	EndGlobalSection
	GlobalSection(ProjectConfigurationPlatforms) = postSolution
		{00F30361-DCB1-4E4A-9E8D-6BC339ACFCE4}.Debug|Any CPU.ActiveCfg = Debug|Any CPU
		{00F30361-DCB1-4E4A-9E8D-6BC339ACFCE4}.Debug|Any CPU.Build.0 = Debug|Any CPU
		{00F30361-DCB1-4E4A-9E8D-6BC339ACFCE4}.Release|Any CPU.ActiveCfg = Release|Any CPU
		{00F30361-DCB1-4E4A-9E8D-6BC339ACFCE4}.Release|Any CPU.Build.0 = Release|Any CPU
		{83E87ADA-A863-46D1-9008-90DE06F7B4A7}.Debug|Any CPU.ActiveCfg = Debug|Any CPU
		{83E87ADA-A863-46D1-9008-90DE06F7B4A7}.Debug|Any CPU.Build.0 = Debug|Any CPU
		{83E87ADA-A863-46D1-9008-90DE06F7B4A7}.Release|Any CPU.ActiveCfg = Release|Any CPU
		{83E87ADA-A863-46D1-9008-90DE06F7B4A7}.Release|Any CPU.Build.0 = Release|Any CPU
		{E5DFA019-3E63-492B-9C0C-8661A23AE7FE}.Debug|Any CPU.ActiveCfg = Debug|Any CPU
		{E5DFA019-3E63-492B-9C0C-8661A23AE7FE}.Debug|Any CPU.Build.0 = Debug|Any CPU
		{E5DFA019-3E63-492B-9C0C-8661A23AE7FE}.Release|Any CPU.ActiveCfg = Release|Any CPU
		{E5DFA019-3E63-492B-9C0C-8661A23AE7FE}.Release|Any CPU.Build.0 = Release|Any CPU
		{3B1A0F7A-05FE-4915-87F0-10BE4A78E7B9}.Debug|Any CPU.ActiveCfg = Debug|Any CPU
		{3B1A0F7A-05FE-4915-87F0-10BE4A78E7B9}.Debug|Any CPU.Build.0 = Debug|Any CPU
		{3B1A0F7A-05FE-4915-87F0-10BE4A78E7B9}.Release|Any CPU.ActiveCfg = Release|Any CPU
		{3B1A0F7A-05FE-4915-87F0-10BE4A78E7B9}.Release|Any CPU.Build.0 = Release|Any CPU
		{2EF39BD0-FB0B-486F-BC7B-5DD3DF5BE7D1}.Debug|Any CPU.ActiveCfg = Debug|Any CPU
		{2EF39BD0-FB0B-486F-BC7B-5DD3DF5BE7D1}.Debug|Any CPU.Build.0 = Debug|Any CPU
		{2EF39BD0-FB0B-486F-BC7B-5DD3DF5BE7D1}.Release|Any CPU.ActiveCfg = Release|Any CPU
		{2EF39BD0-FB0B-486F-BC7B-5DD3DF5BE7D1}.Release|Any CPU.Build.0 = Release|Any CPU
	EndGlobalSection
	GlobalSection(SolutionProperties) = preSolution
		HideSolutionNode = FALSE
	EndGlobalSection
	GlobalSection(NestedProjects) = preSolution
		{00F30361-DCB1-4E4A-9E8D-6BC339ACFCE4} = {66DAF7D3-298E-4F93-A859-43F85FC57786}
		{83E87ADA-A863-46D1-9008-90DE06F7B4A7} = {E9448987-5B8D-4CF7-83FC-42502F627169}
		{E5DFA019-3E63-492B-9C0C-8661A23AE7FE} = {9B3D5992-E2E6-4881-8584-A95BC8B5BCC0}
		{3B1A0F7A-05FE-4915-87F0-10BE4A78E7B9} = {741AEA85-4AC0-4000-864D-9D68131DCE8A}
		{2EF39BD0-FB0B-486F-BC7B-5DD3DF5BE7D1} = {176D7FF7-0B35-45AA-B2BB-7C0D6EF341A6}
	EndGlobalSection
	GlobalSection(ExtensibilityGlobals) = postSolution
		SolutionGuid = {3D2BBFFB-CD9B-409E-A76F-FC07EA6FC59F}
	EndGlobalSection
EndGlobal
